
Microsoft Visual Studio Solution File, Format Version 10.00
# Visual Studio 2008
Project("{8BC9CEB8-8B4A-11D0-8D11-00A0C91BC942}") = "wintty", "wintty.vcproj", "{EA107AAC-D5FB-4A52-917A-C7F8DD08C6B0}"
	ProjectSection(ProjectDependencies) = postProject
		{35F7F558-1222-45B6-88FF-EB19BBE37D50} = {35F7F558-1222-45B6-88FF-EB19BBE37D50}
	EndProjectSection
EndProject
Project("{8BC9CEB8-8B4A-11D0-8D11-00A0C91BC942}") = "test-host", "test-host.vcproj", "{35F7F558-1222-45B6-88FF-EB19BBE37D50}"
EndProject
Project("{8BC9CEB8-8B4A-11D0-8D11-00A0C91BC942}") = "wintty-hook", "wintty-hook.vcproj", "{7AD48A1F-288B-46FB-AB13-456C0EB78D24}"
EndProject
Global
	GlobalSection(SolutionConfigurationPlatforms) = preSolution
		Debug|Win32 = Debug|Win32
		Release|Win32 = Release|Win32
	EndGlobalSection
	GlobalSection(ProjectConfigurationPlatforms) = postSolution
		{EA107AAC-D5FB-4A52-917A-C7F8DD08C6B0}.Debug|Win32.ActiveCfg = Debug|Win32
		{EA107AAC-D5FB-4A52-917A-C7F8DD08C6B0}.Debug|Win32.Build.0 = Debug|Win32
		{EA107AAC-D5FB-4A52-917A-C7F8DD08C6B0}.Release|Win32.ActiveCfg = Release|Win32
		{EA107AAC-D5FB-4A52-917A-C7F8DD08C6B0}.Release|Win32.Build.0 = Release|Win32
		{35F7F558-1222-45B6-88FF-EB19BBE37D50}.Debug|Win32.ActiveCfg = Debug|Win32
		{35F7F558-1222-45B6-88FF-EB19BBE37D50}.Debug|Win32.Build.0 = Debug|Win32
		{35F7F558-1222-45B6-88FF-EB19BBE37D50}.Release|Win32.ActiveCfg = Release|Win32
		{35F7F558-1222-45B6-88FF-EB19BBE37D50}.Release|Win32.Build.0 = Release|Win32
		{7AD48A1F-288B-46FB-AB13-456C0EB78D24}.Debug|Win32.ActiveCfg = Debug|Win32
		{7AD48A1F-288B-46FB-AB13-456C0EB78D24}.Debug|Win32.Build.0 = Debug|Win32
		{7AD48A1F-288B-46FB-AB13-456C0EB78D24}.Release|Win32.ActiveCfg = Release|Win32
		{7AD48A1F-288B-46FB-AB13-456C0EB78D24}.Release|Win32.Build.0 = Release|Win32
	EndGlobalSection
	GlobalSection(SolutionProperties) = preSolution
		HideSolutionNode = FALSE
	EndGlobalSection
EndGlobal
